
Microsoft Visual Studio Solution File, Format Version 12.00
# Visual Studio Version 17
VisualStudioVersion = 17.8.34330.188
MinimumVisualStudioVersion = 10.0.40219.1
Project("{FAE04EC0-301F-11D3-BF4B-00C04F79EFBC}") = "Exoplanet", "Exoplanet\Exoplanet.csproj", "{96E103F9-42EB-4F38-932E-27F783CC34C1}"
EndProject
Project("{FAE04EC0-301F-11D3-BF4B-00C04F79EFBC}") = "RemoteRobot", "RemoteRobot\RemoteRobot.csproj", "{A02C620C-8CDC-466F-A17F-BA386014438C}"
EndProject
Project("{FAE04EC0-301F-11D3-BF4B-00C04F79EFBC}") = "ControlCenter", "ControlCenter\ControlCenter.csproj", "{FA8E114D-C569-4E5D-A5B7-45F83EF15FF8}"
EndProject
Global
	GlobalSection(SolutionConfigurationPlatforms) = preSolution
		Debug|Any CPU = Debug|Any CPU
		Release|Any CPU = Release|Any CPU
	EndGlobalSection
	GlobalSection(ProjectConfigurationPlatforms) = postSolution
		{96E103F9-42EB-4F38-932E-27F783CC34C1}.Debug|Any CPU.ActiveCfg = Debug|Any CPU
		{96E103F9-42EB-4F38-932E-27F783CC34C1}.Debug|Any CPU.Build.0 = Debug|Any CPU
		{96E103F9-42EB-4F38-932E-27F783CC34C1}.Release|Any CPU.ActiveCfg = Release|Any CPU
		{96E103F9-42EB-4F38-932E-27F783CC34C1}.Release|Any CPU.Build.0 = Release|Any CPU
		{A02C620C-8CDC-466F-A17F-BA386014438C}.Debug|Any CPU.ActiveCfg = Debug|Any CPU
		{A02C620C-8CDC-466F-A17F-BA386014438C}.Debug|Any CPU.Build.0 = Debug|Any CPU
		{A02C620C-8CDC-466F-A17F-BA386014438C}.Release|Any CPU.ActiveCfg = Release|Any CPU
		{A02C620C-8CDC-466F-A17F-BA386014438C}.Release|Any CPU.Build.0 = Release|Any CPU
		{FA8E114D-C569-4E5D-A5B7-45F83EF15FF8}.Debug|Any CPU.ActiveCfg = Debug|Any CPU
		{FA8E114D-C569-4E5D-A5B7-45F83EF15FF8}.Debug|Any CPU.Build.0 = Debug|Any CPU
		{FA8E114D-C569-4E5D-A5B7-45F83EF15FF8}.Release|Any CPU.ActiveCfg = Release|Any CPU
		{FA8E114D-C569-4E5D-A5B7-45F83EF15FF8}.Release|Any CPU.Build.0 = Release|Any CPU
	EndGlobalSection
	GlobalSection(SolutionProperties) = preSolution
		HideSolutionNode = FALSE
	EndGlobalSection
	GlobalSection(ExtensibilityGlobals) = postSolution
		SolutionGuid = {1CCD26D3-F08B-4213-9FFE-6D94476BFBF7}
	EndGlobalSection
EndGlobal
