
Microsoft Visual Studio Solution File, Format Version 12.00
# Visual Studio Version 17
VisualStudioVersion = 17.8.34330.188
MinimumVisualStudioVersion = 10.0.40219.1
Project("{9A19103F-16F7-4668-BE54-9A1E7A4F7556}") = "ExoplanetGameTest", "ExoplanetTest\ExoplanetGameTest.csproj", "{9A3ED2BA-239C-46A0-8871-B0591DB98675}"
EndProject
Project("{FAE04EC0-301F-11D3-BF4B-00C04F79EFBC}") = "ExoplanetGame", "ExoplanetGame\ExoplanetGame.csproj", "{68AD0082-1F8D-4B94-8DFE-F5B805B2FC17}"
EndProject
Global
	GlobalSection(SolutionConfigurationPlatforms) = preSolution
		Debug|Any CPU = Debug|Any CPU
		Release|Any CPU = Release|Any CPU
	EndGlobalSection
	GlobalSection(ProjectConfigurationPlatforms) = postSolution
		{9A3ED2BA-239C-46A0-8871-B0591DB98675}.Debug|Any CPU.ActiveCfg = Debug|Any CPU
		{9A3ED2BA-239C-46A0-8871-B0591DB98675}.Debug|Any CPU.Build.0 = Debug|Any CPU
		{9A3ED2BA-239C-46A0-8871-B0591DB98675}.Release|Any CPU.ActiveCfg = Release|Any CPU
		{9A3ED2BA-239C-46A0-8871-B0591DB98675}.Release|Any CPU.Build.0 = Release|Any CPU
		{68AD0082-1F8D-4B94-8DFE-F5B805B2FC17}.Debug|Any CPU.ActiveCfg = Debug|Any CPU
		{68AD0082-1F8D-4B94-8DFE-F5B805B2FC17}.Debug|Any CPU.Build.0 = Debug|Any CPU
		{68AD0082-1F8D-4B94-8DFE-F5B805B2FC17}.Release|Any CPU.ActiveCfg = Release|Any CPU
		{68AD0082-1F8D-4B94-8DFE-F5B805B2FC17}.Release|Any CPU.Build.0 = Release|Any CPU
	EndGlobalSection
	GlobalSection(SolutionProperties) = preSolution
		HideSolutionNode = FALSE
	EndGlobalSection
	GlobalSection(ExtensibilityGlobals) = postSolution
		SolutionGuid = {1CCD26D3-F08B-4213-9FFE-6D94476BFBF7}
	EndGlobalSection
EndGlobal
